# Lockfile v4
# This file is automatically generated by Wapm.
# It is not intended for manual editing. The schema of this file may change.
[modules.hello-wasi."0.1.0".hello-wasi]
name = "hello-wasi"
package_version = "0.1.0"
package_name = "hello-wasi"
package_path = "hello-wasi@0.1.0"
resolved = "local"
resolved_source = "local"
abi = "none"
source = "target/wasm32-wasi/release/hello-wasi.wasm"
[commands.hello-wasi]
name = "hello-wasi"
package_name = "hello-wasi"
package_version = "0.1.0"
module = "hello-wasi"
is_top_level_dependency = true
