# Lockfile v2
# This file is automatically generated by Wapm.
# It is not intended for manual editing. The schema of this file may change.
[modules.hello-wasi."0.1.0".hello-wasi]
name = "hello-wasi"
package_version = "0.1.0"
package_name = "hello-wasi"
source = "local"
resolved = "local"
abi = "none"
entry = "target/wasm32-wasi/release/hello-wasi.wasm"
[commands.hello-wasi]
name = "hello-wasi"
package_name = "hello-wasi"
package_version = "0.1.0"
module = "hello-wasi"
is_top_level_dependency = true
